
Microsoft Visual Studio Solution File, Format Version 12.00
# Visual Studio Version 17
VisualStudioVersion = 17.10.35027.167
MinimumVisualStudioVersion = 10.0.40219.1
Project("{FAE04EC0-301F-11D3-BF4B-00C04F79EFBC}") = "BookApplication", "BookApplication\BookApplication.csproj", "{2764DDA4-A421-499F-8F5C-0CFC6D054BE9}"
EndProject
Global
	GlobalSection(SolutionConfigurationPlatforms) = preSolution
		Debug|Any CPU = Debug|Any CPU
		Release|Any CPU = Release|Any CPU
	EndGlobalSection
	GlobalSection(ProjectConfigurationPlatforms) = postSolution
		{2764DDA4-A421-499F-8F5C-0CFC6D054BE9}.Debug|Any CPU.ActiveCfg = Debug|Any CPU
		{2764DDA4-A421-499F-8F5C-0CFC6D054BE9}.Debug|Any CPU.Build.0 = Debug|Any CPU
		{2764DDA4-A421-499F-8F5C-0CFC6D054BE9}.Release|Any CPU.ActiveCfg = Release|Any CPU
		{2764DDA4-A421-499F-8F5C-0CFC6D054BE9}.Release|Any CPU.Build.0 = Release|Any CPU
	EndGlobalSection
	GlobalSection(SolutionProperties) = preSolution
		HideSolutionNode = FALSE
	EndGlobalSection
	GlobalSection(ExtensibilityGlobals) = postSolution
		SolutionGuid = {9A0EB60D-7683-4732-B367-FD99B2FADD01}
	EndGlobalSection
EndGlobal
